
Microsoft Visual Studio Solution File, Format Version 12.00
# Visual Studio Version 17
VisualStudioVersion = 17.1.32210.238
MinimumVisualStudioVersion = 10.0.40219.1
Project("{FAE04EC0-301F-11D3-BF4B-00C04F79EFBC}") = "CabInvoiceGenerator", "CabInvoiceGenerator\CabInvoiceGenerator.csproj", "{4BA15F0D-CAE2-4105-BDAD-3C51DBD41146}"
EndProject
Project("{FAE04EC0-301F-11D3-BF4B-00C04F79EFBC}") = "UnitTest1", "UnitTest1\UnitTest1.csproj", "{F9CC1AF4-03E8-40E8-B331-9938611553A7}"
EndProject
Global
	GlobalSection(SolutionConfigurationPlatforms) = preSolution
		Debug|Any CPU = Debug|Any CPU
		Release|Any CPU = Release|Any CPU
	EndGlobalSection
	GlobalSection(ProjectConfigurationPlatforms) = postSolution
		{4BA15F0D-CAE2-4105-BDAD-3C51DBD41146}.Debug|Any CPU.ActiveCfg = Debug|Any CPU
		{4BA15F0D-CAE2-4105-BDAD-3C51DBD41146}.Debug|Any CPU.Build.0 = Debug|Any CPU
		{4BA15F0D-CAE2-4105-BDAD-3C51DBD41146}.Release|Any CPU.ActiveCfg = Release|Any CPU
		{4BA15F0D-CAE2-4105-BDAD-3C51DBD41146}.Release|Any CPU.Build.0 = Release|Any CPU
		{F9CC1AF4-03E8-40E8-B331-9938611553A7}.Debug|Any CPU.ActiveCfg = Debug|Any CPU
		{F9CC1AF4-03E8-40E8-B331-9938611553A7}.Debug|Any CPU.Build.0 = Debug|Any CPU
		{F9CC1AF4-03E8-40E8-B331-9938611553A7}.Release|Any CPU.ActiveCfg = Release|Any CPU
		{F9CC1AF4-03E8-40E8-B331-9938611553A7}.Release|Any CPU.Build.0 = Release|Any CPU
	EndGlobalSection
	GlobalSection(SolutionProperties) = preSolution
		HideSolutionNode = FALSE
	EndGlobalSection
	GlobalSection(ExtensibilityGlobals) = postSolution
		SolutionGuid = {B2A1B4CD-5E54-4F16-9BA2-8943A148933C}
	EndGlobalSection
EndGlobal
